// !$*UTF8*$!
{
	archiveVersion = 1;
	classes = {
	};
	objectVersion = 56;
	objects = {

/* Begin PBXBuildFile section */
		1FABB0832C7F8D5600741D2E /* AppDelegate.swift in Sources */ = {isa = PBXBuildFile; fileRef = 1FABB0822C7F8D5600741D2E /* AppDelegate.swift */; };
		1FABB0852C7F8D5600741D2E /* SceneDelegate.swift in Sources */ = {isa = PBXBuildFile; fileRef = 1FABB0842C7F8D5600741D2E /* SceneDelegate.swift */; };
		1FABB0872C7F8D5600741D2E /* ViewController.swift in Sources */ = {isa = PBXBuildFile; fileRef = 1FABB0862C7F8D5600741D2E /* ViewController.swift */; };
		1FABB08A2C7F8D5600741D2E /* Base in Resources */ = {isa = PBXBuildFile; fileRef = 1FABB0892C7F8D5600741D2E /* Base */; };
		1FABB08C2C7F8D5800741D2E /* Assets.xcassets in Resources */ = {isa = PBXBuildFile; fileRef = 1FABB08B2C7F8D5800741D2E /* Assets.xcassets */; };
		1FABB08F2C7F8D5800741D2E /* Base in Resources */ = {isa = PBXBuildFile; fileRef = 1FABB08E2C7F8D5800741D2E /* Base */; };
		1FABB09A2C7F8D5800741D2E /* sideMenuFeatureTests.swift in Sources */ = {isa = PBXBuildFile; fileRef = 1FABB0992C7F8D5800741D2E /* sideMenuFeatureTests.swift */; };
		1FABB0A42C7F8D5800741D2E /* sideMenuFeatureUITests.swift in Sources */ = {isa = PBXBuildFile; fileRef = 1FABB0A32C7F8D5800741D2E /* sideMenuFeatureUITests.swift */; };
		1FABB0A62C7F8D5800741D2E /* sideMenuFeatureUITestsLaunchTests.swift in Sources */ = {isa = PBXBuildFile; fileRef = 1FABB0A52C7F8D5800741D2E /* sideMenuFeatureUITestsLaunchTests.swift */; };
/* End PBXBuildFile section */

/* Begin PBXContainerItemProxy section */
		1FABB0962C7F8D5800741D2E /* PBXContainerItemProxy */ = {
			isa = PBXContainerItemProxy;
			containerPortal = 1FABB0772C7F8D5600741D2E /* Project object */;
			proxyType = 1;
			remoteGlobalIDString = 1FABB07E2C7F8D5600741D2E;
			remoteInfo = sideMenuFeature;
		};
		1FABB0A02C7F8D5800741D2E /* PBXContainerItemProxy */ = {
			isa = PBXContainerItemProxy;
			containerPortal = 1FABB0772C7F8D5600741D2E /* Project object */;
			proxyType = 1;
			remoteGlobalIDString = 1FABB07E2C7F8D5600741D2E;
			remoteInfo = sideMenuFeature;
		};
/* End PBXContainerItemProxy section */

/* Begin PBXFileReference section */
		1FABB07F2C7F8D5600741D2E /* sideMenuFeature.app */ = {isa = PBXFileReference; explicitFileType = wrapper.application; includeInIndex = 0; path = sideMenuFeature.app; sourceTree = BUILT_PRODUCTS_DIR; };
		1FABB0822C7F8D5600741D2E /* AppDelegate.swift */ = {isa = PBXFileReference; lastKnownFileType = sourcecode.swift; path = AppDelegate.swift; sourceTree = "<group>"; };
		1FABB0842C7F8D5600741D2E /* SceneDelegate.swift */ = {isa = PBXFileReference; lastKnownFileType = sourcecode.swift; path = SceneDelegate.swift; sourceTree = "<group>"; };
		1FABB0862C7F8D5600741D2E /* ViewController.swift */ = {isa = PBXFileReference; lastKnownFileType = sourcecode.swift; path = ViewController.swift; sourceTree = "<group>"; };
		1FABB0892C7F8D5600741D2E /* Base */ = {isa = PBXFileReference; lastKnownFileType = file.storyboard; name = Base; path = Base.lproj/Main.storyboard; sourceTree = "<group>"; };
		1FABB08B2C7F8D5800741D2E /* Assets.xcassets */ = {isa = PBXFileReference; lastKnownFileType = folder.assetcatalog; path = Assets.xcassets; sourceTree = "<group>"; };
		1FABB08E2C7F8D5800741D2E /* Base */ = {isa = PBXFileReference; lastKnownFileType = file.storyboard; name = Base; path = Base.lproj/LaunchScreen.storyboard; sourceTree = "<group>"; };
		1FABB0902C7F8D5800741D2E /* Info.plist */ = {isa = PBXFileReference; lastKnownFileType = text.plist.xml; path = Info.plist; sourceTree = "<group>"; };
		1FABB0952C7F8D5800741D2E /* sideMenuFeatureTests.xctest */ = {isa = PBXFileReference; explicitFileType = wrapper.cfbundle; includeInIndex = 0; path = sideMenuFeatureTests.xctest; sourceTree = BUILT_PRODUCTS_DIR; };
		1FABB0992C7F8D5800741D2E /* sideMenuFeatureTests.swift */ = {isa = PBXFileReference; lastKnownFileType = sourcecode.swift; path = sideMenuFeatureTests.swift; sourceTree = "<group>"; };
		1FABB09F2C7F8D5800741D2E /* sideMenuFeatureUITests.xctest */ = {isa = PBXFileReference; explicitFileType = wrapper.cfbundle; includeInIndex = 0; path = sideMenuFeatureUITests.xctest; sourceTree = BUILT_PRODUCTS_DIR; };
		1FABB0A32C7F8D5800741D2E /* sideMenuFeatureUITests.swift */ = {isa = PBXFileReference; lastKnownFileType = sourcecode.swift; path = sideMenuFeatureUITests.swift; sourceTree = "<group>"; };
		1FABB0A52C7F8D5800741D2E /* sideMenuFeatureUITestsLaunchTests.swift */ = {isa = PBXFileReference; lastKnownFileType = sourcecode.swift; path = sideMenuFeatureUITestsLaunchTests.swift; sourceTree = "<group>"; };
/* End PBXFileReference section */

/* Begin PBXFrameworksBuildPhase section */
		1FABB07C2C7F8D5600741D2E /* Frameworks */ = {
			isa = PBXFrameworksBuildPhase;
			buildActionMask = 2147483647;
			files = (
			);
			runOnlyForDeploymentPostprocessing = 0;
		};
		1FABB0922C7F8D5800741D2E /* Frameworks */ = {
			isa = PBXFrameworksBuildPhase;
			buildActionMask = 2147483647;
			files = (
			);
			runOnlyForDeploymentPostprocessing = 0;
		};
		1FABB09C2C7F8D5800741D2E /* Frameworks */ = {
			isa = PBXFrameworksBuildPhase;
			buildActionMask = 2147483647;
			files = (
			);
			runOnlyForDeploymentPostprocessing = 0;
		};
/* End PBXFrameworksBuildPhase section */

/* Begin PBXGroup section */
		1FABB0762C7F8D5600741D2E = {
			isa = PBXGroup;
			children = (
				1FABB0812C7F8D5600741D2E /* sideMenuFeature */,
				1FABB0982C7F8D5800741D2E /* sideMenuFeatureTests */,
				1FABB0A22C7F8D5800741D2E /* sideMenuFeatureUITests */,
				1FABB0802C7F8D5600741D2E /* Products */,
			);
			sourceTree = "<group>";
		};
		1FABB0802C7F8D5600741D2E /* Products */ = {
			isa = PBXGroup;
			children = (
				1FABB07F2C7F8D5600741D2E /* sideMenuFeature.app */,
				1FABB0952C7F8D5800741D2E /* sideMenuFeatureTests.xctest */,
				1FABB09F2C7F8D5800741D2E /* sideMenuFeatureUITests.xctest */,
			);
			name = Products;
			sourceTree = "<group>";
		};
		1FABB0812C7F8D5600741D2E /* sideMenuFeature */ = {
			isa = PBXGroup;
			children = (
				1FABB0822C7F8D5600741D2E /* AppDelegate.swift */,
				1FABB0842C7F8D5600741D2E /* SceneDelegate.swift */,
				1FABB0862C7F8D5600741D2E /* ViewController.swift */,
				1FABB0882C7F8D5600741D2E /* Main.storyboard */,
				1FABB08B2C7F8D5800741D2E /* Assets.xcassets */,
				1FABB08D2C7F8D5800741D2E /* LaunchScreen.storyboard */,
				1FABB0902C7F8D5800741D2E /* Info.plist */,
			);
			path = sideMenuFeature;
			sourceTree = "<group>";
		};
		1FABB0982C7F8D5800741D2E /* sideMenuFeatureTests */ = {
			isa = PBXGroup;
			children = (
				1FABB0992C7F8D5800741D2E /* sideMenuFeatureTests.swift */,
			);
			path = sideMenuFeatureTests;
			sourceTree = "<group>";
		};
		1FABB0A22C7F8D5800741D2E /* sideMenuFeatureUITests */ = {
			isa = PBXGroup;
			children = (
				1FABB0A32C7F8D5800741D2E /* sideMenuFeatureUITests.swift */,
				1FABB0A52C7F8D5800741D2E /* sideMenuFeatureUITestsLaunchTests.swift */,
			);
			path = sideMenuFeatureUITests;
			sourceTree = "<group>";
		};
/* End PBXGroup section */

/* Begin PBXNativeTarget section */
		1FABB07E2C7F8D5600741D2E /* sideMenuFeature */ = {
			isa = PBXNativeTarget;
			buildConfigurationList = 1FABB0A92C7F8D5800741D2E /* Build configuration list for PBXNativeTarget "sideMenuFeature" */;
			buildPhases = (
				1FABB07B2C7F8D5600741D2E /* Sources */,
				1FABB07C2C7F8D5600741D2E /* Frameworks */,
				1FABB07D2C7F8D5600741D2E /* Resources */,
			);
			buildRules = (
			);
			dependencies = (
			);
			name = sideMenuFeature;
			productName = sideMenuFeature;
			productReference = 1FABB07F2C7F8D5600741D2E /* sideMenuFeature.app */;
			productType = "com.apple.product-type.application";
		};
		1FABB0942C7F8D5800741D2E /* sideMenuFeatureTests */ = {
			isa = PBXNativeTarget;
			buildConfigurationList = 1FABB0AC2C7F8D5800741D2E /* Build configuration list for PBXNativeTarget "sideMenuFeatureTests" */;
			buildPhases = (
				1FABB0912C7F8D5800741D2E /* Sources */,
				1FABB0922C7F8D5800741D2E /* Frameworks */,
				1FABB0932C7F8D5800741D2E /* Resources */,
			);
			buildRules = (
			);
			dependencies = (
				1FABB0972C7F8D5800741D2E /* PBXTargetDependency */,
			);
			name = sideMenuFeatureTests;
			productName = sideMenuFeatureTests;
			productReference = 1FABB0952C7F8D5800741D2E /* sideMenuFeatureTests.xctest */;
			productType = "com.apple.product-type.bundle.unit-test";
		};
		1FABB09E2C7F8D5800741D2E /* sideMenuFeatureUITests */ = {
			isa = PBXNativeTarget;
			buildConfigurationList = 1FABB0AF2C7F8D5800741D2E /* Build configuration list for PBXNativeTarget "sideMenuFeatureUITests" */;
			buildPhases = (
				1FABB09B2C7F8D5800741D2E /* Sources */,
				1FABB09C2C7F8D5800741D2E /* Frameworks */,
				1FABB09D2C7F8D5800741D2E /* Resources */,
			);
			buildRules = (
			);
			dependencies = (
				1FABB0A12C7F8D5800741D2E /* PBXTargetDependency */,
			);
			name = sideMenuFeatureUITests;
			productName = sideMenuFeatureUITests;
			productReference = 1FABB09F2C7F8D5800741D2E /* sideMenuFeatureUITests.xctest */;
			productType = "com.apple.product-type.bundle.ui-testing";
		};
/* End PBXNativeTarget section */

/* Begin PBXProject section */
		1FABB0772C7F8D5600741D2E /* Project object */ = {
			isa = PBXProject;
			attributes = {
				BuildIndependentTargetsInParallel = 1;
				LastSwiftUpdateCheck = 1540;
				LastUpgradeCheck = 1540;
				TargetAttributes = {
					1FABB07E2C7F8D5600741D2E = {
						CreatedOnToolsVersion = 15.4;
					};
					1FABB0942C7F8D5800741D2E = {
						CreatedOnToolsVersion = 15.4;
						TestTargetID = 1FABB07E2C7F8D5600741D2E;
					};
					1FABB09E2C7F8D5800741D2E = {
						CreatedOnToolsVersion = 15.4;
						TestTargetID = 1FABB07E2C7F8D5600741D2E;
					};
				};
			};
			buildConfigurationList = 1FABB07A2C7F8D5600741D2E /* Build configuration list for PBXProject "sideMenuFeature" */;
			compatibilityVersion = "Xcode 14.0";
			developmentRegion = en;
			hasScannedForEncodings = 0;
			knownRegions = (
				en,
				Base,
			);
			mainGroup = 1FABB0762C7F8D5600741D2E;
			productRefGroup = 1FABB0802C7F8D5600741D2E /* Products */;
			projectDirPath = "";
			projectRoot = "";
			targets = (
				1FABB07E2C7F8D5600741D2E /* sideMenuFeature */,
				1FABB0942C7F8D5800741D2E /* sideMenuFeatureTests */,
				1FABB09E2C7F8D5800741D2E /* sideMenuFeatureUITests */,
			);
		};
/* End PBXProject section */

/* Begin PBXResourcesBuildPhase section */
		1FABB07D2C7F8D5600741D2E /* Resources */ = {
			isa = PBXResourcesBuildPhase;
			buildActionMask = 2147483647;
			files = (
				1FABB08C2C7F8D5800741D2E /* Assets.xcassets in Resources */,
				1FABB08F2C7F8D5800741D2E /* Base in Resources */,
				1FABB08A2C7F8D5600741D2E /* Base in Resources */,
			);
			runOnlyForDeploymentPostprocessing = 0;
		};
		1FABB0932C7F8D5800741D2E /* Resources */ = {
			isa = PBXResourcesBuildPhase;
			buildActionMask = 2147483647;
			files = (
			);
			runOnlyForDeploymentPostprocessing = 0;
		};
		1FABB09D2C7F8D5800741D2E /* Resources */ = {
			isa = PBXResourcesBuildPhase;
			buildActionMask = 2147483647;
			files = (
			);
			runOnlyForDeploymentPostprocessing = 0;
		};
/* End PBXResourcesBuildPhase section */

/* Begin PBXSourcesBuildPhase section */
		1FABB07B2C7F8D5600741D2E /* Sources */ = {
			isa = PBXSourcesBuildPhase;
			buildActionMask = 2147483647;
			files = (
				1FABB0872C7F8D5600741D2E /* ViewController.swift in Sources */,
				1FABB0832C7F8D5600741D2E /* AppDelegate.swift in Sources */,
				1FABB0852C7F8D5600741D2E /* SceneDelegate.swift in Sources */,
			);
			runOnlyForDeploymentPostprocessing = 0;
		};
		1FABB0912C7F8D5800741D2E /* Sources */ = {
			isa = PBXSourcesBuildPhase;
			buildActionMask = 2147483647;
			files = (
				1FABB09A2C7F8D5800741D2E /* sideMenuFeatureTests.swift in Sources */,
			);
			runOnlyForDeploymentPostprocessing = 0;
		};
		1FABB09B2C7F8D5800741D2E /* Sources */ = {
			isa = PBXSourcesBuildPhase;
			buildActionMask = 2147483647;
			files = (
				1FABB0A42C7F8D5800741D2E /* sideMenuFeatureUITests.swift in Sources */,
				1FABB0A62C7F8D5800741D2E /* sideMenuFeatureUITestsLaunchTests.swift in Sources */,
			);
			runOnlyForDeploymentPostprocessing = 0;
		};
/* End PBXSourcesBuildPhase section */

/* Begin PBXTargetDependency section */
		1FABB0972C7F8D5800741D2E /* PBXTargetDependency */ = {
			isa = PBXTargetDependency;
			target = 1FABB07E2C7F8D5600741D2E /* sideMenuFeature */;
			targetProxy = 1FABB0962C7F8D5800741D2E /* PBXContainerItemProxy */;
		};
		1FABB0A12C7F8D5800741D2E /* PBXTargetDependency */ = {
			isa = PBXTargetDependency;
			target = 1FABB07E2C7F8D5600741D2E /* sideMenuFeature */;
			targetProxy = 1FABB0A02C7F8D5800741D2E /* PBXContainerItemProxy */;
		};
/* End PBXTargetDependency section */

/* Begin PBXVariantGroup section */
		1FABB0882C7F8D5600741D2E /* Main.storyboard */ = {
			isa = PBXVariantGroup;
			children = (
				1FABB0892C7F8D5600741D2E /* Base */,
			);
			name = Main.storyboard;
			sourceTree = "<group>";
		};
		1FABB08D2C7F8D5800741D2E /* LaunchScreen.storyboard */ = {
			isa = PBXVariantGroup;
			children = (
				1FABB08E2C7F8D5800741D2E /* Base */,
			);
			name = LaunchScreen.storyboard;
			sourceTree = "<group>";
		};
/* End PBXVariantGroup section */

/* Begin XCBuildConfiguration section */
		1FABB0A72C7F8D5800741D2E /* Debug */ = {
			isa = XCBuildConfiguration;
			buildSettings = {
				ALWAYS_SEARCH_USER_PATHS = NO;
				ASSETCATALOG_COMPILER_GENERATE_SWIFT_ASSET_SYMBOL_EXTENSIONS = YES;
				CLANG_ANALYZER_NONNULL = YES;
				CLANG_ANALYZER_NUMBER_OBJECT_CONVERSION = YES_AGGRESSIVE;
				CLANG_CXX_LANGUAGE_STANDARD = "gnu++20";
				CLANG_ENABLE_MODULES = YES;
				CLANG_ENABLE_OBJC_ARC = YES;
				CLANG_ENABLE_OBJC_WEAK = YES;
				CLANG_WARN_BLOCK_CAPTURE_AUTORELEASING = YES;
				CLANG_WARN_BOOL_CONVERSION = YES;
				CLANG_WARN_COMMA = YES;
				CLANG_WARN_CONSTANT_CONVERSION = YES;
				CLANG_WARN_DEPRECATED_OBJC_IMPLEMENTATIONS = YES;
				CLANG_WARN_DIRECT_OBJC_ISA_USAGE = YES_ERROR;
				CLANG_WARN_DOCUMENTATION_COMMENTS = YES;
				CLANG_WARN_EMPTY_BODY = YES;
				CLANG_WARN_ENUM_CONVERSION = YES;
				CLANG_WARN_INFINITE_RECURSION = YES;
				CLANG_WARN_INT_CONVERSION = YES;
				CLANG_WARN_NON_LITERAL_NULL_CONVERSION = YES;
				CLANG_WARN_OBJC_IMPLICIT_RETAIN_SELF = YES;
				CLANG_WARN_OBJC_LITERAL_CONVERSION = YES;
				CLANG_WARN_OBJC_ROOT_CLASS = YES_ERROR;
				CLANG_WARN_QUOTED_INCLUDE_IN_FRAMEWORK_HEADER = YES;
				CLANG_WARN_RANGE_LOOP_ANALYSIS = YES;
				CLANG_WARN_STRICT_PROTOTYPES = YES;
				CLANG_WARN_SUSPICIOUS_MOVE = YES;
				CLANG_WARN_UNGUARDED_AVAILABILITY = YES_AGGRESSIVE;
				CLANG_WARN_UNREACHABLE_CODE = YES;
				CLANG_WARN__DUPLICATE_METHOD_MATCH = YES;
				COPY_PHASE_STRIP = NO;
				DEBUG_INFORMATION_FORMAT = dwarf;
				ENABLE_STRICT_OBJC_MSGSEND = YES;
				ENABLE_TESTABILITY = YES;
				ENABLE_USER_SCRIPT_SANDBOXING = YES;
				GCC_C_LANGUAGE_STANDARD = gnu17;
				GCC_DYNAMIC_NO_PIC = NO;
				GCC_NO_COMMON_BLOCKS = YES;
				GCC_OPTIMIZATION_LEVEL = 0;
				GCC_PREPROCESSOR_DEFINITIONS = (
					"DEBUG=1",
					"$(inherited)",
				);
				GCC_WARN_64_TO_32_BIT_CONVERSION = YES;
				GCC_WARN_ABOUT_RETURN_TYPE = YES_ERROR;
				GCC_WARN_UNDECLARED_SELECTOR = YES;
				GCC_WARN_UNINITIALIZED_AUTOS = YES_AGGRESSIVE;
				GCC_WARN_UNUSED_FUNCTION = YES;
				GCC_WARN_UNUSED_VARIABLE = YES;
				IPHONEOS_DEPLOYMENT_TARGET = 17.5;
				LOCALIZATION_PREFERS_STRING_CATALOGS = YES;
				MTL_ENABLE_DEBUG_INFO = INCLUDE_SOURCE;
				MTL_FAST_MATH = YES;
				ONLY_ACTIVE_ARCH = YES;
				SDKROOT = iphoneos;
				SWIFT_ACTIVE_COMPILATION_CONDITIONS = "DEBUG $(inherited)";
				SWIFT_OPTIMIZATION_LEVEL = "-Onone";
			};
			name = Debug;
		};
		1FABB0A82C7F8D5800741D2E /* Release */ = {
			isa = XCBuildConfiguration;
			buildSettings = {
				ALWAYS_SEARCH_USER_PATHS = NO;
				ASSETCATALOG_COMPILER_GENERATE_SWIFT_ASSET_SYMBOL_EXTENSIONS = YES;
				CLANG_ANALYZER_NONNULL = YES;
				CLANG_ANALYZER_NUMBER_OBJECT_CONVERSION = YES_AGGRESSIVE;
				CLANG_CXX_LANGUAGE_STANDARD = "gnu++20";
				CLANG_ENABLE_MODULES = YES;
				CLANG_ENABLE_OBJC_ARC = YES;
				CLANG_ENABLE_OBJC_WEAK = YES;
				CLANG_WARN_BLOCK_CAPTURE_AUTORELEASING = YES;
				CLANG_WARN_BOOL_CONVERSION = YES;
				CLANG_WARN_COMMA = YES;
				CLANG_WARN_CONSTANT_CONVERSION = YES;
				CLANG_WARN_DEPRECATED_OBJC_IMPLEMENTATIONS = YES;
				CLANG_WARN_DIRECT_OBJC_ISA_USAGE = YES_ERROR;
				CLANG_WARN_DOCUMENTATION_COMMENTS = YES;
				CLANG_WARN_EMPTY_BODY = YES;
				CLANG_WARN_ENUM_CONVERSION = YES;
				CLANG_WARN_INFINITE_RECURSION = YES;
				CLANG_WARN_INT_CONVERSION = YES;
				CLANG_WARN_NON_LITERAL_NULL_CONVERSION = YES;
				CLANG_WARN_OBJC_IMPLICIT_RETAIN_SELF = YES;
				CLANG_WARN_OBJC_LITERAL_CONVERSION = YES;
				CLANG_WARN_OBJC_ROOT_CLASS = YES_ERROR;
				CLANG_WARN_QUOTED_INCLUDE_IN_FRAMEWORK_HEADER = YES;
				CLANG_WARN_RANGE_LOOP_ANALYSIS = YES;
				CLANG_WARN_STRICT_PROTOTYPES = YES;
				CLANG_WARN_SUSPICIOUS_MOVE = YES;
				CLANG_WARN_UNGUARDED_AVAILABILITY = YES_AGGRESSIVE;
				CLANG_WARN_UNREACHABLE_CODE = YES;
				CLANG_WARN__DUPLICATE_METHOD_MATCH = YES;
				COPY_PHASE_STRIP = NO;
				DEBUG_INFORMATION_FORMAT = "dwarf-with-dsym";
				ENABLE_NS_ASSERTIONS = NO;
				ENABLE_STRICT_OBJC_MSGSEND = YES;
				ENABLE_USER_SCRIPT_SANDBOXING = YES;
				GCC_C_LANGUAGE_STANDARD = gnu17;
				GCC_NO_COMMON_BLOCKS = YES;
				GCC_WARN_64_TO_32_BIT_CONVERSION = YES;
				GCC_WARN_ABOUT_RETURN_TYPE = YES_ERROR;
				GCC_WARN_UNDECLARED_SELECTOR = YES;
				GCC_WARN_UNINITIALIZED_AUTOS = YES_AGGRESSIVE;
				GCC_WARN_UNUSED_FUNCTION = YES;
				GCC_WARN_UNUSED_VARIABLE = YES;
				IPHONEOS_DEPLOYMENT_TARGET = 17.5;
				LOCALIZATION_PREFERS_STRING_CATALOGS = YES;
				MTL_ENABLE_DEBUG_INFO = NO;
				MTL_FAST_MATH = YES;
				SDKROOT = iphoneos;
				SWIFT_COMPILATION_MODE = wholemodule;
				VALIDATE_PRODUCT = YES;
			};
			name = Release;
		};
		1FABB0AA2C7F8D5800741D2E /* Debug */ = {
			isa = XCBuildConfiguration;
			buildSettings = {
				ASSETCATALOG_COMPILER_APPICON_NAME = AppIcon;
				ASSETCATALOG_COMPILER_GLOBAL_ACCENT_COLOR_NAME = AccentColor;
				CODE_SIGN_STYLE = Automatic;
				CURRENT_PROJECT_VERSION = 1;
				DEVELOPMENT_TEAM = 6H2477PAYG;
				GENERATE_INFOPLIST_FILE = YES;
				INFOPLIST_FILE = sideMenuFeature/Info.plist;
				INFOPLIST_KEY_UIApplicationSupportsIndirectInputEvents = YES;
				INFOPLIST_KEY_UILaunchStoryboardName = LaunchScreen;
				INFOPLIST_KEY_UIMainStoryboardFile = Main;
				INFOPLIST_KEY_UISupportedInterfaceOrientations_iPad = "UIInterfaceOrientationPortrait UIInterfaceOrientationPortraitUpsideDown UIInterfaceOrientationLandscapeLeft UIInterfaceOrientationLandscapeRight";
				INFOPLIST_KEY_UISupportedInterfaceOrientations_iPhone = "UIInterfaceOrientationPortrait UIInterfaceOrientationLandscapeLeft UIInterfaceOrientationLandscapeRight";
				LD_RUNPATH_SEARCH_PATHS = (
					"$(inherited)",
					"@executable_path/Frameworks",
				);
				MARKETING_VERSION = 1.0;
				PRODUCT_BUNDLE_IDENTIFIER = com.paractices.sideMenuFeature;
				PRODUCT_NAME = "$(TARGET_NAME)";
				SWIFT_EMIT_LOC_STRINGS = YES;
				SWIFT_VERSION = 5.0;
				TARGETED_DEVICE_FAMILY = "1,2";
			};
			name = Debug;
		};
		1FABB0AB2C7F8D5800741D2E /* Release */ = {
			isa = XCBuildConfiguration;
			buildSettings = {
				ASSETCATALOG_COMPILER_APPICON_NAME = AppIcon;
				ASSETCATALOG_COMPILER_GLOBAL_ACCENT_COLOR_NAME = AccentColor;
				CODE_SIGN_STYLE = Automatic;
				CURRENT_PROJECT_VERSION = 1;
				DEVELOPMENT_TEAM = 6H2477PAYG;
				GENERATE_INFOPLIST_FILE = YES;
				INFOPLIST_FILE = sideMenuFeature/Info.plist;
				INFOPLIST_KEY_UIApplicationSupportsIndirectInputEvents = YES;
				INFOPLIST_KEY_UILaunchStoryboardName = LaunchScreen;
				INFOPLIST_KEY_UIMainStoryboardFile = Main;
				INFOPLIST_KEY_UISupportedInterfaceOrientations_iPad = "UIInterfaceOrientationPortrait UIInterfaceOrientationPortraitUpsideDown UIInterfaceOrientationLandscapeLeft UIInterfaceOrientationLandscapeRight";
				INFOPLIST_KEY_UISupportedInterfaceOrientations_iPhone = "UIInterfaceOrientationPortrait UIInterfaceOrientationLandscapeLeft UIInterfaceOrientationLandscapeRight";
				LD_RUNPATH_SEARCH_PATHS = (
					"$(inherited)",
					"@executable_path/Frameworks",
				);
				MARKETING_VERSION = 1.0;
				PRODUCT_BUNDLE_IDENTIFIER = com.paractices.sideMenuFeature;
				PRODUCT_NAME = "$(TARGET_NAME)";
				SWIFT_EMIT_LOC_STRINGS = YES;
				SWIFT_VERSION = 5.0;
				TARGETED_DEVICE_FAMILY = "1,2";
			};
			name = Release;
		};
		1FABB0AD2C7F8D5800741D2E /* Debug */ = {
			isa = XCBuildConfiguration;
			buildSettings = {
				ALWAYS_EMBED_SWIFT_STANDARD_LIBRARIES = YES;
				BUNDLE_LOADER = "$(TEST_HOST)";
				CODE_SIGN_STYLE = Automatic;
				CURRENT_PROJECT_VERSION = 1;
				DEVELOPMENT_TEAM = 6H2477PAYG;
				GENERATE_INFOPLIST_FILE = YES;
				IPHONEOS_DEPLOYMENT_TARGET = 17.5;
				MARKETING_VERSION = 1.0;
				PRODUCT_BUNDLE_IDENTIFIER = com.paractices.sideMenuFeatureTests;
				PRODUCT_NAME = "$(TARGET_NAME)";
				SWIFT_EMIT_LOC_STRINGS = NO;
				SWIFT_VERSION = 5.0;
				TARGETED_DEVICE_FAMILY = "1,2";
				TEST_HOST = "$(BUILT_PRODUCTS_DIR)/sideMenuFeature.app/$(BUNDLE_EXECUTABLE_FOLDER_PATH)/sideMenuFeature";
			};
			name = Debug;
		};
		1FABB0AE2C7F8D5800741D2E /* Release */ = {
			isa = XCBuildConfiguration;
			buildSettings = {
				ALWAYS_EMBED_SWIFT_STANDARD_LIBRARIES = YES;
				BUNDLE_LOADER = "$(TEST_HOST)";
				CODE_SIGN_STYLE = Automatic;
				CURRENT_PROJECT_VERSION = 1;
				DEVELOPMENT_TEAM = 6H2477PAYG;
				GENERATE_INFOPLIST_FILE = YES;
				IPHONEOS_DEPLOYMENT_TARGET = 17.5;
				MARKETING_VERSION = 1.0;
				PRODUCT_BUNDLE_IDENTIFIER = com.paractices.sideMenuFeatureTests;
				PRODUCT_NAME = "$(TARGET_NAME)";
				SWIFT_EMIT_LOC_STRINGS = NO;
				SWIFT_VERSION = 5.0;
				TARGETED_DEVICE_FAMILY = "1,2";
				TEST_HOST = "$(BUILT_PRODUCTS_DIR)/sideMenuFeature.app/$(BUNDLE_EXECUTABLE_FOLDER_PATH)/sideMenuFeature";
			};
			name = Release;
		};
		1FABB0B02C7F8D5800741D2E /* Debug */ = {
			isa = XCBuildConfiguration;
			buildSettings = {
				ALWAYS_EMBED_SWIFT_STANDARD_LIBRARIES = YES;
				CODE_SIGN_STYLE = Automatic;
				CURRENT_PROJECT_VERSION = 1;
				DEVELOPMENT_TEAM = 6H2477PAYG;
				GENERATE_INFOPLIST_FILE = YES;
				MARKETING_VERSION = 1.0;
				PRODUCT_BUNDLE_IDENTIFIER = com.paractices.sideMenuFeatureUITests;
				PRODUCT_NAME = "$(TARGET_NAME)";
				SWIFT_EMIT_LOC_STRINGS = NO;
				SWIFT_VERSION = 5.0;
				TARGETED_DEVICE_FAMILY = "1,2";
				TEST_TARGET_NAME = sideMenuFeature;
			};
			name = Debug;
		};
		1FABB0B12C7F8D5800741D2E /* Release */ = {
			isa = XCBuildConfiguration;
			buildSettings = {
				ALWAYS_EMBED_SWIFT_STANDARD_LIBRARIES = YES;
				CODE_SIGN_STYLE = Automatic;
				CURRENT_PROJECT_VERSION = 1;
				DEVELOPMENT_TEAM = 6H2477PAYG;
				GENERATE_INFOPLIST_FILE = YES;
				MARKETING_VERSION = 1.0;
				PRODUCT_BUNDLE_IDENTIFIER = com.paractices.sideMenuFeatureUITests;
				PRODUCT_NAME = "$(TARGET_NAME)";
				SWIFT_EMIT_LOC_STRINGS = NO;
				SWIFT_VERSION = 5.0;
				TARGETED_DEVICE_FAMILY = "1,2";
				TEST_TARGET_NAME = sideMenuFeature;
			};
			name = Release;
		};
/* End XCBuildConfiguration section */

/* Begin XCConfigurationList section */
		1FABB07A2C7F8D5600741D2E /* Build configuration list for PBXProject "sideMenuFeature" */ = {
			isa = XCConfigurationList;
			buildConfigurations = (
				1FABB0A72C7F8D5800741D2E /* Debug */,
				1FABB0A82C7F8D5800741D2E /* Release */,
			);
			defaultConfigurationIsVisible = 0;
			defaultConfigurationName = Release;
		};
		1FABB0A92C7F8D5800741D2E /* Build configuration list for PBXNativeTarget "sideMenuFeature" */ = {
			isa = XCConfigurationList;
			buildConfigurations = (
				1FABB0AA2C7F8D5800741D2E /* Debug */,
				1FABB0AB2C7F8D5800741D2E /* Release */,
			);
			defaultConfigurationIsVisible = 0;
			defaultConfigurationName = Release;
		};
		1FABB0AC2C7F8D5800741D2E /* Build configuration list for PBXNativeTarget "sideMenuFeatureTests" */ = {
			isa = XCConfigurationList;
			buildConfigurations = (
				1FABB0AD2C7F8D5800741D2E /* Debug */,
				1FABB0AE2C7F8D5800741D2E /* Release */,
			);
			defaultConfigurationIsVisible = 0;
			defaultConfigurationName = Release;
		};
		1FABB0AF2C7F8D5800741D2E /* Build configuration list for PBXNativeTarget "sideMenuFeatureUITests" */ = {
			isa = XCConfigurationList;
			buildConfigurations = (
				1FABB0B02C7F8D5800741D2E /* Debug */,
				1FABB0B12C7F8D5800741D2E /* Release */,
			);
			defaultConfigurationIsVisible = 0;
			defaultConfigurationName = Release;
		};
/* End XCConfigurationList section */
	};
	rootObject = 1FABB0772C7F8D5600741D2E /* Project object */;
}
